// !$*UTF8*$!
{
	archiveVersion = 1;
	classes = {
	};
	objectVersion = 50;
	objects = {

/* Begin PBXBuildFile section */
		0BB4FBE6207C36CD008F0E7C /* AppDelegate.swift in Sources */ = {isa = PBXBuildFile; fileRef = 0BB4FBE5207C36CD008F0E7C /* AppDelegate.swift */; };
		0BB4FBE8207C36CD008F0E7C /* TabbedBarController.swift in Sources */ = {isa = PBXBuildFile; fileRef = 0BB4FBE7207C36CD008F0E7C /* TabbedBarController.swift */; };
		0BB4FBEB207C36CD008F0E7C /* TabbedBarController.storyboard in Resources */ = {isa = PBXBuildFile; fileRef = 0BB4FBE9207C36CD008F0E7C /* TabbedBarController.storyboard */; };
		0BB4FBED207C36CF008F0E7C /* Assets.xcassets in Resources */ = {isa = PBXBuildFile; fileRef = 0BB4FBEC207C36CF008F0E7C /* Assets.xcassets */; };
		0BB4FBF0207C36CF008F0E7C /* LaunchScreen.storyboard in Resources */ = {isa = PBXBuildFile; fileRef = 0BB4FBEE207C36CF008F0E7C /* LaunchScreen.storyboard */; };
		0BB4FBFB207C36CF008F0E7C /* LiveMediaTests.swift in Sources */ = {isa = PBXBuildFile; fileRef = 0BB4FBFA207C36CF008F0E7C /* LiveMediaTests.swift */; };
		0BB4FC06207C36CF008F0E7C /* LiveMediaUITests.swift in Sources */ = {isa = PBXBuildFile; fileRef = 0BB4FC05207C36CF008F0E7C /* LiveMediaUITests.swift */; };
		0BB4FC18207C39A1008F0E7C /* LoginController.swift in Sources */ = {isa = PBXBuildFile; fileRef = 0BB4FC17207C39A1008F0E7C /* LoginController.swift */; };
		0BB4FC1A207C39BD008F0E7C /* LoginController.storyboard in Resources */ = {isa = PBXBuildFile; fileRef = 0BB4FC19207C39BD008F0E7C /* LoginController.storyboard */; };
/* End PBXBuildFile section */

/* Begin PBXContainerItemProxy section */
		0BB4FBF7207C36CF008F0E7C /* PBXContainerItemProxy */ = {
			isa = PBXContainerItemProxy;
			containerPortal = 0BB4FBDA207C36CD008F0E7C /* Project object */;
			proxyType = 1;
			remoteGlobalIDString = 0BB4FBE1207C36CD008F0E7C;
			remoteInfo = LiveMedia;
		};
		0BB4FC02207C36CF008F0E7C /* PBXContainerItemProxy */ = {
			isa = PBXContainerItemProxy;
			containerPortal = 0BB4FBDA207C36CD008F0E7C /* Project object */;
			proxyType = 1;
			remoteGlobalIDString = 0BB4FBE1207C36CD008F0E7C;
			remoteInfo = LiveMedia;
		};
/* End PBXContainerItemProxy section */

/* Begin PBXFileReference section */
		0BB4FBE2207C36CD008F0E7C /* LiveMedia.app */ = {isa = PBXFileReference; explicitFileType = wrapper.application; includeInIndex = 0; path = LiveMedia.app; sourceTree = BUILT_PRODUCTS_DIR; };
		0BB4FBE5207C36CD008F0E7C /* AppDelegate.swift */ = {isa = PBXFileReference; lastKnownFileType = sourcecode.swift; path = AppDelegate.swift; sourceTree = "<group>"; };
		0BB4FBE7207C36CD008F0E7C /* TabbedBarController.swift */ = {isa = PBXFileReference; lastKnownFileType = sourcecode.swift; path = TabbedBarController.swift; sourceTree = "<group>"; };
		0BB4FBEA207C36CD008F0E7C /* Base */ = {isa = PBXFileReference; lastKnownFileType = file.storyboard; name = Base; path = Base.lproj/TabbedBarController.storyboard; sourceTree = "<group>"; };
		0BB4FBEC207C36CF008F0E7C /* Assets.xcassets */ = {isa = PBXFileReference; lastKnownFileType = folder.assetcatalog; path = Assets.xcassets; sourceTree = "<group>"; };
		0BB4FBEF207C36CF008F0E7C /* Base */ = {isa = PBXFileReference; lastKnownFileType = file.storyboard; name = Base; path = Base.lproj/LaunchScreen.storyboard; sourceTree = "<group>"; };
		0BB4FBF1207C36CF008F0E7C /* Info.plist */ = {isa = PBXFileReference; lastKnownFileType = text.plist.xml; path = Info.plist; sourceTree = "<group>"; };
		0BB4FBF6207C36CF008F0E7C /* LiveMediaTests.xctest */ = {isa = PBXFileReference; explicitFileType = wrapper.cfbundle; includeInIndex = 0; path = LiveMediaTests.xctest; sourceTree = BUILT_PRODUCTS_DIR; };
		0BB4FBFA207C36CF008F0E7C /* LiveMediaTests.swift */ = {isa = PBXFileReference; lastKnownFileType = sourcecode.swift; path = LiveMediaTests.swift; sourceTree = "<group>"; };
		0BB4FBFC207C36CF008F0E7C /* Info.plist */ = {isa = PBXFileReference; lastKnownFileType = text.plist.xml; path = Info.plist; sourceTree = "<group>"; };
		0BB4FC01207C36CF008F0E7C /* LiveMediaUITests.xctest */ = {isa = PBXFileReference; explicitFileType = wrapper.cfbundle; includeInIndex = 0; path = LiveMediaUITests.xctest; sourceTree = BUILT_PRODUCTS_DIR; };
		0BB4FC05207C36CF008F0E7C /* LiveMediaUITests.swift */ = {isa = PBXFileReference; lastKnownFileType = sourcecode.swift; path = LiveMediaUITests.swift; sourceTree = "<group>"; };
		0BB4FC07207C36CF008F0E7C /* Info.plist */ = {isa = PBXFileReference; lastKnownFileType = text.plist.xml; path = Info.plist; sourceTree = "<group>"; };
		0BB4FC17207C39A1008F0E7C /* LoginController.swift */ = {isa = PBXFileReference; lastKnownFileType = sourcecode.swift; path = LoginController.swift; sourceTree = "<group>"; };
		0BB4FC19207C39BD008F0E7C /* LoginController.storyboard */ = {isa = PBXFileReference; lastKnownFileType = file.storyboard; path = LoginController.storyboard; sourceTree = "<group>"; };
/* End PBXFileReference section */

/* Begin PBXFrameworksBuildPhase section */
		0BB4FBDF207C36CD008F0E7C /* Frameworks */ = {
			isa = PBXFrameworksBuildPhase;
			buildActionMask = 2147483647;
			files = (
			);
			runOnlyForDeploymentPostprocessing = 0;
		};
		0BB4FBF3207C36CF008F0E7C /* Frameworks */ = {
			isa = PBXFrameworksBuildPhase;
			buildActionMask = 2147483647;
			files = (
			);
			runOnlyForDeploymentPostprocessing = 0;
		};
		0BB4FBFE207C36CF008F0E7C /* Frameworks */ = {
			isa = PBXFrameworksBuildPhase;
			buildActionMask = 2147483647;
			files = (
			);
			runOnlyForDeploymentPostprocessing = 0;
		};
/* End PBXFrameworksBuildPhase section */

/* Begin PBXGroup section */
		0BB4FBD9207C36CD008F0E7C = {
			isa = PBXGroup;
			children = (
				0BB4FBE4207C36CD008F0E7C /* LiveMedia */,
				0BB4FBF9207C36CF008F0E7C /* LiveMediaTests */,
				0BB4FC04207C36CF008F0E7C /* LiveMediaUITests */,
				0BB4FBE3207C36CD008F0E7C /* Products */,
			);
			sourceTree = "<group>";
		};
		0BB4FBE3207C36CD008F0E7C /* Products */ = {
			isa = PBXGroup;
			children = (
				0BB4FBE2207C36CD008F0E7C /* LiveMedia.app */,
				0BB4FBF6207C36CF008F0E7C /* LiveMediaTests.xctest */,
				0BB4FC01207C36CF008F0E7C /* LiveMediaUITests.xctest */,
			);
			name = Products;
			sourceTree = "<group>";
		};
		0BB4FBE4207C36CD008F0E7C /* LiveMedia */ = {
			isa = PBXGroup;
			children = (
				0BB4FC14207C37E8008F0E7C /* AppDelegate */,
				0BB4FC16207C3835008F0E7C /* Modules */,
				0BB4FC13207C3791008F0E7C /* Utilities */,
			);
			path = LiveMedia;
			sourceTree = "<group>";
		};
		0BB4FBF9207C36CF008F0E7C /* LiveMediaTests */ = {
			isa = PBXGroup;
			children = (
				0BB4FBFA207C36CF008F0E7C /* LiveMediaTests.swift */,
				0BB4FBFC207C36CF008F0E7C /* Info.plist */,
			);
			path = LiveMediaTests;
			sourceTree = "<group>";
		};
		0BB4FC04207C36CF008F0E7C /* LiveMediaUITests */ = {
			isa = PBXGroup;
			children = (
				0BB4FC05207C36CF008F0E7C /* LiveMediaUITests.swift */,
				0BB4FC07207C36CF008F0E7C /* Info.plist */,
			);
			path = LiveMediaUITests;
			sourceTree = "<group>";
		};
		0BB4FC13207C3791008F0E7C /* Utilities */ = {
			isa = PBXGroup;
			children = (
				0BB4FBEC207C36CF008F0E7C /* Assets.xcassets */,
				0BB4FBEE207C36CF008F0E7C /* LaunchScreen.storyboard */,
				0BB4FBF1207C36CF008F0E7C /* Info.plist */,
			);
			name = Utilities;
			sourceTree = "<group>";
		};
		0BB4FC14207C37E8008F0E7C /* AppDelegate */ = {
			isa = PBXGroup;
			children = (
				0BB4FBE5207C36CD008F0E7C /* AppDelegate.swift */,
			);
			name = AppDelegate;
			sourceTree = "<group>";
		};
		0BB4FC15207C3816008F0E7C /* TabbedBar */ = {
			isa = PBXGroup;
			children = (
				0BB4FBE7207C36CD008F0E7C /* TabbedBarController.swift */,
				0BB4FBE9207C36CD008F0E7C /* TabbedBarController.storyboard */,
			);
			name = TabbedBar;
			sourceTree = "<group>";
		};
		0BB4FC16207C3835008F0E7C /* Modules */ = {
			isa = PBXGroup;
			children = (
				0BB4FC15207C3816008F0E7C /* TabbedBar */,
				0BB4FC1B207C39C8008F0E7C /* Login */,
			);
			name = Modules;
			sourceTree = "<group>";
		};
		0BB4FC1B207C39C8008F0E7C /* Login */ = {
			isa = PBXGroup;
			children = (
				0BB4FC17207C39A1008F0E7C /* LoginController.swift */,
				0BB4FC19207C39BD008F0E7C /* LoginController.storyboard */,
			);
			name = Login;
			sourceTree = "<group>";
		};
/* End PBXGroup section */

/* Begin PBXNativeTarget section */
		0BB4FBE1207C36CD008F0E7C /* LiveMedia */ = {
			isa = PBXNativeTarget;
			buildConfigurationList = 0BB4FC0A207C36CF008F0E7C /* Build configuration list for PBXNativeTarget "LiveMedia" */;
			buildPhases = (
				0BB4FBDE207C36CD008F0E7C /* Sources */,
				0BB4FBDF207C36CD008F0E7C /* Frameworks */,
				0BB4FBE0207C36CD008F0E7C /* Resources */,
			);
			buildRules = (
			);
			dependencies = (
			);
			name = LiveMedia;
			productName = LiveMedia;
			productReference = 0BB4FBE2207C36CD008F0E7C /* LiveMedia.app */;
			productType = "com.apple.product-type.application";
		};
		0BB4FBF5207C36CF008F0E7C /* LiveMediaTests */ = {
			isa = PBXNativeTarget;
			buildConfigurationList = 0BB4FC0D207C36CF008F0E7C /* Build configuration list for PBXNativeTarget "LiveMediaTests" */;
			buildPhases = (
				0BB4FBF2207C36CF008F0E7C /* Sources */,
				0BB4FBF3207C36CF008F0E7C /* Frameworks */,
				0BB4FBF4207C36CF008F0E7C /* Resources */,
			);
			buildRules = (
			);
			dependencies = (
				0BB4FBF8207C36CF008F0E7C /* PBXTargetDependency */,
			);
			name = LiveMediaTests;
			productName = LiveMediaTests;
			productReference = 0BB4FBF6207C36CF008F0E7C /* LiveMediaTests.xctest */;
			productType = "com.apple.product-type.bundle.unit-test";
		};
		0BB4FC00207C36CF008F0E7C /* LiveMediaUITests */ = {
			isa = PBXNativeTarget;
			buildConfigurationList = 0BB4FC10207C36CF008F0E7C /* Build configuration list for PBXNativeTarget "LiveMediaUITests" */;
			buildPhases = (
				0BB4FBFD207C36CF008F0E7C /* Sources */,
				0BB4FBFE207C36CF008F0E7C /* Frameworks */,
				0BB4FBFF207C36CF008F0E7C /* Resources */,
			);
			buildRules = (
			);
			dependencies = (
				0BB4FC03207C36CF008F0E7C /* PBXTargetDependency */,
			);
			name = LiveMediaUITests;
			productName = LiveMediaUITests;
			productReference = 0BB4FC01207C36CF008F0E7C /* LiveMediaUITests.xctest */;
			productType = "com.apple.product-type.bundle.ui-testing";
		};
/* End PBXNativeTarget section */

/* Begin PBXProject section */
		0BB4FBDA207C36CD008F0E7C /* Project object */ = {
			isa = PBXProject;
			attributes = {
				LastSwiftUpdateCheck = 0930;
				LastUpgradeCheck = 0930;
				ORGANIZATIONNAME = GWEB;
				TargetAttributes = {
					0BB4FBE1207C36CD008F0E7C = {
						CreatedOnToolsVersion = 9.3;
					};
					0BB4FBF5207C36CF008F0E7C = {
						CreatedOnToolsVersion = 9.3;
						TestTargetID = 0BB4FBE1207C36CD008F0E7C;
					};
					0BB4FC00207C36CF008F0E7C = {
						CreatedOnToolsVersion = 9.3;
						TestTargetID = 0BB4FBE1207C36CD008F0E7C;
					};
				};
			};
			buildConfigurationList = 0BB4FBDD207C36CD008F0E7C /* Build configuration list for PBXProject "LiveMedia" */;
			compatibilityVersion = "Xcode 9.3";
			developmentRegion = en;
			hasScannedForEncodings = 0;
			knownRegions = (
				en,
				Base,
			);
			mainGroup = 0BB4FBD9207C36CD008F0E7C;
			productRefGroup = 0BB4FBE3207C36CD008F0E7C /* Products */;
			projectDirPath = "";
			projectRoot = "";
			targets = (
				0BB4FBE1207C36CD008F0E7C /* LiveMedia */,
				0BB4FBF5207C36CF008F0E7C /* LiveMediaTests */,
				0BB4FC00207C36CF008F0E7C /* LiveMediaUITests */,
			);
		};
/* End PBXProject section */

/* Begin PBXResourcesBuildPhase section */
		0BB4FBE0207C36CD008F0E7C /* Resources */ = {
			isa = PBXResourcesBuildPhase;
			buildActionMask = 2147483647;
			files = (
				0BB4FBF0207C36CF008F0E7C /* LaunchScreen.storyboard in Resources */,
				0BB4FBED207C36CF008F0E7C /* Assets.xcassets in Resources */,
				0BB4FC1A207C39BD008F0E7C /* LoginController.storyboard in Resources */,
				0BB4FBEB207C36CD008F0E7C /* TabbedBarController.storyboard in Resources */,
			);
			runOnlyForDeploymentPostprocessing = 0;
		};
		0BB4FBF4207C36CF008F0E7C /* Resources */ = {
			isa = PBXResourcesBuildPhase;
			buildActionMask = 2147483647;
			files = (
			);
			runOnlyForDeploymentPostprocessing = 0;
		};
		0BB4FBFF207C36CF008F0E7C /* Resources */ = {
			isa = PBXResourcesBuildPhase;
			buildActionMask = 2147483647;
			files = (
			);
			runOnlyForDeploymentPostprocessing = 0;
		};
/* End PBXResourcesBuildPhase section */

/* Begin PBXSourcesBuildPhase section */
		0BB4FBDE207C36CD008F0E7C /* Sources */ = {
			isa = PBXSourcesBuildPhase;
			buildActionMask = 2147483647;
			files = (
				0BB4FBE8207C36CD008F0E7C /* TabbedBarController.swift in Sources */,
				0BB4FC18207C39A1008F0E7C /* LoginController.swift in Sources */,
				0BB4FBE6207C36CD008F0E7C /* AppDelegate.swift in Sources */,
			);
			runOnlyForDeploymentPostprocessing = 0;
		};
		0BB4FBF2207C36CF008F0E7C /* Sources */ = {
			isa = PBXSourcesBuildPhase;
			buildActionMask = 2147483647;
			files = (
				0BB4FBFB207C36CF008F0E7C /* LiveMediaTests.swift in Sources */,
			);
			runOnlyForDeploymentPostprocessing = 0;
		};
		0BB4FBFD207C36CF008F0E7C /* Sources */ = {
			isa = PBXSourcesBuildPhase;
			buildActionMask = 2147483647;
			files = (
				0BB4FC06207C36CF008F0E7C /* LiveMediaUITests.swift in Sources */,
			);
			runOnlyForDeploymentPostprocessing = 0;
		};
/* End PBXSourcesBuildPhase section */

/* Begin PBXTargetDependency section */
		0BB4FBF8207C36CF008F0E7C /* PBXTargetDependency */ = {
			isa = PBXTargetDependency;
			target = 0BB4FBE1207C36CD008F0E7C /* LiveMedia */;
			targetProxy = 0BB4FBF7207C36CF008F0E7C /* PBXContainerItemProxy */;
		};
		0BB4FC03207C36CF008F0E7C /* PBXTargetDependency */ = {
			isa = PBXTargetDependency;
			target = 0BB4FBE1207C36CD008F0E7C /* LiveMedia */;
			targetProxy = 0BB4FC02207C36CF008F0E7C /* PBXContainerItemProxy */;
		};
/* End PBXTargetDependency section */

/* Begin PBXVariantGroup section */
		0BB4FBE9207C36CD008F0E7C /* TabbedBarController.storyboard */ = {
			isa = PBXVariantGroup;
			children = (
				0BB4FBEA207C36CD008F0E7C /* Base */,
			);
			name = TabbedBarController.storyboard;
			sourceTree = "<group>";
		};
		0BB4FBEE207C36CF008F0E7C /* LaunchScreen.storyboard */ = {
			isa = PBXVariantGroup;
			children = (
				0BB4FBEF207C36CF008F0E7C /* Base */,
			);
			name = LaunchScreen.storyboard;
			sourceTree = "<group>";
		};
/* End PBXVariantGroup section */

/* Begin XCBuildConfiguration section */
		0BB4FC08207C36CF008F0E7C /* Debug */ = {
			isa = XCBuildConfiguration;
			buildSettings = {
				ALWAYS_SEARCH_USER_PATHS = NO;
				CLANG_ANALYZER_NONNULL = YES;
				CLANG_ANALYZER_NUMBER_OBJECT_CONVERSION = YES_AGGRESSIVE;
				CLANG_CXX_LANGUAGE_STANDARD = "gnu++14";
				CLANG_CXX_LIBRARY = "libc++";
				CLANG_ENABLE_MODULES = YES;
				CLANG_ENABLE_OBJC_ARC = YES;
				CLANG_ENABLE_OBJC_WEAK = YES;
				CLANG_WARN_BLOCK_CAPTURE_AUTORELEASING = YES;
				CLANG_WARN_BOOL_CONVERSION = YES;
				CLANG_WARN_COMMA = YES;
				CLANG_WARN_CONSTANT_CONVERSION = YES;
				CLANG_WARN_DEPRECATED_OBJC_IMPLEMENTATIONS = YES;
				CLANG_WARN_DIRECT_OBJC_ISA_USAGE = YES_ERROR;
				CLANG_WARN_DOCUMENTATION_COMMENTS = YES;
				CLANG_WARN_EMPTY_BODY = YES;
				CLANG_WARN_ENUM_CONVERSION = YES;
				CLANG_WARN_INFINITE_RECURSION = YES;
				CLANG_WARN_INT_CONVERSION = YES;
				CLANG_WARN_NON_LITERAL_NULL_CONVERSION = YES;
				CLANG_WARN_OBJC_IMPLICIT_RETAIN_SELF = YES;
				CLANG_WARN_OBJC_LITERAL_CONVERSION = YES;
				CLANG_WARN_OBJC_ROOT_CLASS = YES_ERROR;
				CLANG_WARN_RANGE_LOOP_ANALYSIS = YES;
				CLANG_WARN_STRICT_PROTOTYPES = YES;
				CLANG_WARN_SUSPICIOUS_MOVE = YES;
				CLANG_WARN_UNGUARDED_AVAILABILITY = YES_AGGRESSIVE;
				CLANG_WARN_UNREACHABLE_CODE = YES;
				CLANG_WARN__DUPLICATE_METHOD_MATCH = YES;
				CODE_SIGN_IDENTITY = "iPhone Developer";
				COPY_PHASE_STRIP = NO;
				DEBUG_INFORMATION_FORMAT = dwarf;
				ENABLE_STRICT_OBJC_MSGSEND = YES;
				ENABLE_TESTABILITY = YES;
				GCC_C_LANGUAGE_STANDARD = gnu11;
				GCC_DYNAMIC_NO_PIC = NO;
				GCC_NO_COMMON_BLOCKS = YES;
				GCC_OPTIMIZATION_LEVEL = 0;
				GCC_PREPROCESSOR_DEFINITIONS = (
					"DEBUG=1",
					"$(inherited)",
				);
				GCC_WARN_64_TO_32_BIT_CONVERSION = YES;
				GCC_WARN_ABOUT_RETURN_TYPE = YES_ERROR;
				GCC_WARN_UNDECLARED_SELECTOR = YES;
				GCC_WARN_UNINITIALIZED_AUTOS = YES_AGGRESSIVE;
				GCC_WARN_UNUSED_FUNCTION = YES;
				GCC_WARN_UNUSED_VARIABLE = YES;
				IPHONEOS_DEPLOYMENT_TARGET = 11.3;
				MTL_ENABLE_DEBUG_INFO = YES;
				ONLY_ACTIVE_ARCH = YES;
				SDKROOT = iphoneos;
				SWIFT_ACTIVE_COMPILATION_CONDITIONS = DEBUG;
				SWIFT_OPTIMIZATION_LEVEL = "-Onone";
			};
			name = Debug;
		};
		0BB4FC09207C36CF008F0E7C /* Release */ = {
			isa = XCBuildConfiguration;
			buildSettings = {
				ALWAYS_SEARCH_USER_PATHS = NO;
				CLANG_ANALYZER_NONNULL = YES;
				CLANG_ANALYZER_NUMBER_OBJECT_CONVERSION = YES_AGGRESSIVE;
				CLANG_CXX_LANGUAGE_STANDARD = "gnu++14";
				CLANG_CXX_LIBRARY = "libc++";
				CLANG_ENABLE_MODULES = YES;
				CLANG_ENABLE_OBJC_ARC = YES;
				CLANG_ENABLE_OBJC_WEAK = YES;
				CLANG_WARN_BLOCK_CAPTURE_AUTORELEASING = YES;
				CLANG_WARN_BOOL_CONVERSION = YES;
				CLANG_WARN_COMMA = YES;
				CLANG_WARN_CONSTANT_CONVERSION = YES;
				CLANG_WARN_DEPRECATED_OBJC_IMPLEMENTATIONS = YES;
				CLANG_WARN_DIRECT_OBJC_ISA_USAGE = YES_ERROR;
				CLANG_WARN_DOCUMENTATION_COMMENTS = YES;
				CLANG_WARN_EMPTY_BODY = YES;
				CLANG_WARN_ENUM_CONVERSION = YES;
				CLANG_WARN_INFINITE_RECURSION = YES;
				CLANG_WARN_INT_CONVERSION = YES;
				CLANG_WARN_NON_LITERAL_NULL_CONVERSION = YES;
				CLANG_WARN_OBJC_IMPLICIT_RETAIN_SELF = YES;
				CLANG_WARN_OBJC_LITERAL_CONVERSION = YES;
				CLANG_WARN_OBJC_ROOT_CLASS = YES_ERROR;
				CLANG_WARN_RANGE_LOOP_ANALYSIS = YES;
				CLANG_WARN_STRICT_PROTOTYPES = YES;
				CLANG_WARN_SUSPICIOUS_MOVE = YES;
				CLANG_WARN_UNGUARDED_AVAILABILITY = YES_AGGRESSIVE;
				CLANG_WARN_UNREACHABLE_CODE = YES;
				CLANG_WARN__DUPLICATE_METHOD_MATCH = YES;
				CODE_SIGN_IDENTITY = "iPhone Developer";
				COPY_PHASE_STRIP = NO;
				DEBUG_INFORMATION_FORMAT = "dwarf-with-dsym";
				ENABLE_NS_ASSERTIONS = NO;
				ENABLE_STRICT_OBJC_MSGSEND = YES;
				GCC_C_LANGUAGE_STANDARD = gnu11;
				GCC_NO_COMMON_BLOCKS = YES;
				GCC_WARN_64_TO_32_BIT_CONVERSION = YES;
				GCC_WARN_ABOUT_RETURN_TYPE = YES_ERROR;
				GCC_WARN_UNDECLARED_SELECTOR = YES;
				GCC_WARN_UNINITIALIZED_AUTOS = YES_AGGRESSIVE;
				GCC_WARN_UNUSED_FUNCTION = YES;
				GCC_WARN_UNUSED_VARIABLE = YES;
				IPHONEOS_DEPLOYMENT_TARGET = 11.3;
				MTL_ENABLE_DEBUG_INFO = NO;
				SDKROOT = iphoneos;
				SWIFT_COMPILATION_MODE = wholemodule;
				SWIFT_OPTIMIZATION_LEVEL = "-O";
				VALIDATE_PRODUCT = YES;
			};
			name = Release;
		};
		0BB4FC0B207C36CF008F0E7C /* Debug */ = {
			isa = XCBuildConfiguration;
			buildSettings = {
				ASSETCATALOG_COMPILER_APPICON_NAME = AppIcon;
				CODE_SIGN_STYLE = Automatic;
				INFOPLIST_FILE = LiveMedia/Info.plist;
				LD_RUNPATH_SEARCH_PATHS = (
					"$(inherited)",
					"@executable_path/Frameworks",
				);
				PRODUCT_BUNDLE_IDENTIFIER = com.gweb.LiveMedia;
				PRODUCT_NAME = "$(TARGET_NAME)";
				SWIFT_VERSION = 4.0;
				TARGETED_DEVICE_FAMILY = 1;
			};
			name = Debug;
		};
		0BB4FC0C207C36CF008F0E7C /* Release */ = {
			isa = XCBuildConfiguration;
			buildSettings = {
				ASSETCATALOG_COMPILER_APPICON_NAME = AppIcon;
				CODE_SIGN_STYLE = Automatic;
				INFOPLIST_FILE = LiveMedia/Info.plist;
				LD_RUNPATH_SEARCH_PATHS = (
					"$(inherited)",
					"@executable_path/Frameworks",
				);
				PRODUCT_BUNDLE_IDENTIFIER = com.gweb.LiveMedia;
				PRODUCT_NAME = "$(TARGET_NAME)";
				SWIFT_VERSION = 4.0;
				TARGETED_DEVICE_FAMILY = 1;
			};
			name = Release;
		};
		0BB4FC0E207C36CF008F0E7C /* Debug */ = {
			isa = XCBuildConfiguration;
			buildSettings = {
				ALWAYS_EMBED_SWIFT_STANDARD_LIBRARIES = YES;
				BUNDLE_LOADER = "$(TEST_HOST)";
				CODE_SIGN_STYLE = Automatic;
				INFOPLIST_FILE = LiveMediaTests/Info.plist;
				LD_RUNPATH_SEARCH_PATHS = (
					"$(inherited)",
					"@executable_path/Frameworks",
					"@loader_path/Frameworks",
				);
				PRODUCT_BUNDLE_IDENTIFIER = com.gweb.LiveMediaTests;
				PRODUCT_NAME = "$(TARGET_NAME)";
				SWIFT_VERSION = 4.0;
				TARGETED_DEVICE_FAMILY = "1,2";
				TEST_HOST = "$(BUILT_PRODUCTS_DIR)/LiveMedia.app/LiveMedia";
			};
			name = Debug;
		};
		0BB4FC0F207C36CF008F0E7C /* Release */ = {
			isa = XCBuildConfiguration;
			buildSettings = {
				ALWAYS_EMBED_SWIFT_STANDARD_LIBRARIES = YES;
				BUNDLE_LOADER = "$(TEST_HOST)";
				CODE_SIGN_STYLE = Automatic;
				INFOPLIST_FILE = LiveMediaTests/Info.plist;
				LD_RUNPATH_SEARCH_PATHS = (
					"$(inherited)",
					"@executable_path/Frameworks",
					"@loader_path/Frameworks",
				);
				PRODUCT_BUNDLE_IDENTIFIER = com.gweb.LiveMediaTests;
				PRODUCT_NAME = "$(TARGET_NAME)";
				SWIFT_VERSION = 4.0;
				TARGETED_DEVICE_FAMILY = "1,2";
				TEST_HOST = "$(BUILT_PRODUCTS_DIR)/LiveMedia.app/LiveMedia";
			};
			name = Release;
		};
		0BB4FC11207C36CF008F0E7C /* Debug */ = {
			isa = XCBuildConfiguration;
			buildSettings = {
				ALWAYS_EMBED_SWIFT_STANDARD_LIBRARIES = YES;
				CODE_SIGN_STYLE = Automatic;
				INFOPLIST_FILE = LiveMediaUITests/Info.plist;
				LD_RUNPATH_SEARCH_PATHS = (
					"$(inherited)",
					"@executable_path/Frameworks",
					"@loader_path/Frameworks",
				);
				PRODUCT_BUNDLE_IDENTIFIER = com.gweb.LiveMediaUITests;
				PRODUCT_NAME = "$(TARGET_NAME)";
				SWIFT_VERSION = 4.0;
				TARGETED_DEVICE_FAMILY = "1,2";
				TEST_TARGET_NAME = LiveMedia;
			};
			name = Debug;
		};
		0BB4FC12207C36CF008F0E7C /* Release */ = {
			isa = XCBuildConfiguration;
			buildSettings = {
				ALWAYS_EMBED_SWIFT_STANDARD_LIBRARIES = YES;
				CODE_SIGN_STYLE = Automatic;
				INFOPLIST_FILE = LiveMediaUITests/Info.plist;
				LD_RUNPATH_SEARCH_PATHS = (
					"$(inherited)",
					"@executable_path/Frameworks",
					"@loader_path/Frameworks",
				);
				PRODUCT_BUNDLE_IDENTIFIER = com.gweb.LiveMediaUITests;
				PRODUCT_NAME = "$(TARGET_NAME)";
				SWIFT_VERSION = 4.0;
				TARGETED_DEVICE_FAMILY = "1,2";
				TEST_TARGET_NAME = LiveMedia;
			};
			name = Release;
		};
/* End XCBuildConfiguration section */

/* Begin XCConfigurationList section */
		0BB4FBDD207C36CD008F0E7C /* Build configuration list for PBXProject "LiveMedia" */ = {
			isa = XCConfigurationList;
			buildConfigurations = (
				0BB4FC08207C36CF008F0E7C /* Debug */,
				0BB4FC09207C36CF008F0E7C /* Release */,
			);
			defaultConfigurationIsVisible = 0;
			defaultConfigurationName = Release;
		};
		0BB4FC0A207C36CF008F0E7C /* Build configuration list for PBXNativeTarget "LiveMedia" */ = {
			isa = XCConfigurationList;
			buildConfigurations = (
				0BB4FC0B207C36CF008F0E7C /* Debug */,
				0BB4FC0C207C36CF008F0E7C /* Release */,
			);
			defaultConfigurationIsVisible = 0;
			defaultConfigurationName = Release;
		};
		0BB4FC0D207C36CF008F0E7C /* Build configuration list for PBXNativeTarget "LiveMediaTests" */ = {
			isa = XCConfigurationList;
			buildConfigurations = (
				0BB4FC0E207C36CF008F0E7C /* Debug */,
				0BB4FC0F207C36CF008F0E7C /* Release */,
			);
			defaultConfigurationIsVisible = 0;
			defaultConfigurationName = Release;
		};
		0BB4FC10207C36CF008F0E7C /* Build configuration list for PBXNativeTarget "LiveMediaUITests" */ = {
			isa = XCConfigurationList;
			buildConfigurations = (
				0BB4FC11207C36CF008F0E7C /* Debug */,
				0BB4FC12207C36CF008F0E7C /* Release */,
			);
			defaultConfigurationIsVisible = 0;
			defaultConfigurationName = Release;
		};
/* End XCConfigurationList section */
	};
	rootObject = 0BB4FBDA207C36CD008F0E7C /* Project object */;
}
